
Microsoft Visual Studio Solution File, Format Version 12.00
# Visual Studio 14
VisualStudioVersion = 14.0.24720.0
MinimumVisualStudioVersion = 10.0.40219.1
Project("{FAE04EC0-301F-11D3-BF4B-00C04F79EFBC}") = "Singleton", "Singleton\Singleton.csproj", "{EBF32D51-4034-4761-8982-B0782A99B900}"
EndProject
Global
	GlobalSection(SolutionConfigurationPlatforms) = preSolution
		Debug|Any CPU = Debug|Any CPU
		Release|Any CPU = Release|Any CPU
	EndGlobalSection
	GlobalSection(ProjectConfigurationPlatforms) = postSolution
		{EBF32D51-4034-4761-8982-B0782A99B900}.Debug|Any CPU.ActiveCfg = Debug|Any CPU
		{EBF32D51-4034-4761-8982-B0782A99B900}.Debug|Any CPU.Build.0 = Debug|Any CPU
		{EBF32D51-4034-4761-8982-B0782A99B900}.Release|Any CPU.ActiveCfg = Release|Any CPU
		{EBF32D51-4034-4761-8982-B0782A99B900}.Release|Any CPU.Build.0 = Release|Any CPU
	EndGlobalSection
	GlobalSection(SolutionProperties) = preSolution
		HideSolutionNode = FALSE
	EndGlobalSection
EndGlobal
